<?xml version="1.0" encoding="utf-8"?>
<Project ToolsVersion="4.0" xmlns="http://schemas.microsoft.com/developer/msbuild/2003">
  <ItemGroup>
    <Filter Include="源文件">
      <UniqueIdentifier>{4FC737F1-C7A5-4376-A066-2A32D752A2FF}</UniqueIdentifier>
      <Extensions>cpp;c;cc;cxx;c++;cppm;ixx;def;odl;idl;hpj;bat;asm;asmx</Extensions>
    </Filter>
    <Filter Include="头文件">
      <UniqueIdentifier>{93995380-89BD-4b04-88EB-625FBE52EBFB}</UniqueIdentifier>
      <Extensions>h;hh;hpp;hxx;h++;hm;inl;inc;ipp;xsd</Extensions>
    </Filter>
    <Filter Include="资源文件">
      <UniqueIdentifier>{67DA6AB6-F800-4c08-8B7A-83BB121AAD01}</UniqueIdentifier>
      <Extensions>rc;ico;cur;bmp;dlg;rc2;rct;bin;rgs;gif;jpg;jpeg;jpe;resx;tiff;tif;png;wav;mfcribbon-ms</Extensions>
    </Filter>
    <Filter Include="WeatherPro">
      <UniqueIdentifier>{87bc08a8-9083-4db0-9127-ddc755e31b37}</UniqueIdentifier>
    </Filter>
    <Filter Include="WeatherProItem">
      <UniqueIdentifier>{2d62af54-c29b-411e-b2f5-983872a0c3e0}</UniqueIdentifier>
    </Filter>
    <Filter Include="DLG">
      <UniqueIdentifier>{f497cfe4-5137-4d71-9cf3-c530ab831eb9}</UniqueIdentifier>
    </Filter>
    <Filter Include="Data">
      <UniqueIdentifier>{cee30953-b5aa-4e82-8470-aa88ca2df320}</UniqueIdentifier>
    </Filter>
    <Filter Include="Utils">
      <UniqueIdentifier>{c779ef32-08a5-41fe-ac16-3d3dde6dd882}</UniqueIdentifier>
    </Filter>
  </ItemGroup>
  <ItemGroup>
    <ClCompile Include="pch.cpp">
      <Filter>源文件</Filter>
    </ClCompile>
    <ClCompile Include="WeatherPro.cpp">
      <Filter>WeatherPro</Filter>
    </ClCompile>
    <ClCompile Include="WeatherProItem.cpp">
      <Filter>WeatherProItem</Filter>
    </ClCompile>
    <ClCompile Include="Common.cpp">
      <Filter>源文件</Filter>
    </ClCompile>
    <ClCompile Include="SelectCityDlg.cpp">
      <Filter>DLG</Filter>
    </ClCompile>
    <ClCompile Include="OptionsDlg.cpp">
      <Filter>DLG</Filter>
    </ClCompile>
    <ClCompile Include="DataManager.cpp">
      <Filter>Data</Filter>
    </ClCompile>
    <ClCompile Include="DataApiHefengWeather.cpp">
      <Filter>Data</Filter>
    </ClCompile>
    <ClCompile Include="DataApiWeatherComCnSpider.cpp">
      <Filter>Data</Filter>
    </ClCompile>
    <ClCompile Include="OptionsHfwDlg.cpp">
      <Filter>DLG</Filter>
    </ClCompile>
  </ItemGroup>
  <ItemGroup>
    <None Include="WeatherPro.def">
      <Filter>源文件</Filter>
    </None>
    <None Include="res\WeatherPro.rc2">
      <Filter>资源文件</Filter>
    </None>
  </ItemGroup>
  <ItemGroup>
    <ClInclude Include="framework.h">
      <Filter>头文件</Filter>
    </ClInclude>
    <ClInclude Include="targetver.h">
      <Filter>头文件</Filter>
    </ClInclude>
    <ClInclude Include="Resource.h">
      <Filter>头文件</Filter>
    </ClInclude>
    <ClInclude Include="pch.h">
      <Filter>头文件</Filter>
    </ClInclude>
    <ClInclude Include="WeatherPro.h">
      <Filter>WeatherPro</Filter>
    </ClInclude>
    <ClInclude Include="WeatherProItem.h">
      <Filter>WeatherProItem</Filter>
    </ClInclude>
    <ClInclude Include="Common.h">
      <Filter>头文件</Filter>
    </ClInclude>
    <ClInclude Include="SelectCityDlg.h">
      <Filter>DLG</Filter>
    </ClInclude>
    <ClInclude Include="OptionsDlg.h">
      <Filter>DLG</Filter>
    </ClInclude>
    <ClInclude Include="DataManager.h">
      <Filter>Data</Filter>
    </ClInclude>
    <ClInclude Include="DataAPI.h">
      <Filter>Data</Filter>
    </ClInclude>
    <ClInclude Include="DataApiHefengWeather.h">
      <Filter>Data</Filter>
    </ClInclude>
    <ClInclude Include="DataApiWeatherComCnSpider.h">
      <Filter>Data</Filter>
    </ClInclude>
    <ClInclude Include="OptionsHfwDlg.h">
      <Filter>DLG</Filter>
    </ClInclude>
    <ClInclude Include="SimpleIni.h">
      <Filter>Utils</Filter>
    </ClInclude>
    <ClInclude Include="filesystem.hpp">
      <Filter>头文件</Filter>
    </ClInclude>
  </ItemGroup>
  <ItemGroup>
    <ResourceCompile Include="WeatherPro.rc">
      <Filter>资源文件</Filter>
    </ResourceCompile>
  </ItemGroup>
  <ItemGroup>
    <Image Include="res\weather_icons_blue\02.ico">
      <Filter>资源文件</Filter>
    </Image>
    <Image Include="res\weather_icons_blue\04.ico">
      <Filter>资源文件</Filter>
    </Image>
    <Image Include="res\weather_icons_blue\05.ico">
      <Filter>资源文件</Filter>
    </Image>
    <Image Include="res\weather_icons_blue\06.ico">
      <Filter>资源文件</Filter>
    </Image>
    <Image Include="res\weather_icons_blue\07.ico">
      <Filter>资源文件</Filter>
    </Image>
    <Image Include="res\weather_icons_blue\08.ico">
      <Filter>资源文件</Filter>
    </Image>
    <Image Include="res\weather_icons_blue\09.ico">
      <Filter>资源文件</Filter>
    </Image>
    <Image Include="res\weather_icons_blue\10.ico">
      <Filter>资源文件</Filter>
    </Image>
    <Image Include="res\weather_icons_blue\11.ico">
      <Filter>资源文件</Filter>
    </Image>
    <Image Include="res\weather_icons_blue\12.ico">
      <Filter>资源文件</Filter>
    </Image>
    <Image Include="res\weather_icons_blue\14.ico">
      <Filter>资源文件</Filter>
    </Image>
    <Image Include="res\weather_icons_blue\15.ico">
      <Filter>资源文件</Filter>
    </Image>
    <Image Include="res\weather_icons_blue\16.ico">
      <Filter>资源文件</Filter>
    </Image>
    <Image Include="res\weather_icons_blue\17.ico">
      <Filter>资源文件</Filter>
    </Image>
    <Image Include="res\weather_icons_blue\18.ico">
      <Filter>资源文件</Filter>
    </Image>
    <Image Include="res\weather_icons_blue\19.ico">
      <Filter>资源文件</Filter>
    </Image>
    <Image Include="res\weather_icons_blue\20.ico">
      <Filter>资源文件</Filter>
    </Image>
    <Image Include="res\weather_icons_blue\29.ico">
      <Filter>资源文件</Filter>
    </Image>
    <Image Include="res\weather_icons_blue\30.ico">
      <Filter>资源文件</Filter>
    </Image>
    <Image Include="res\weather_icons_blue\31.ico">
      <Filter>资源文件</Filter>
    </Image>
    <Image Include="res\weather_icons_blue\53.ico">
      <Filter>资源文件</Filter>
    </Image>
    <Image Include="res\weather_icons_blue\54.ico">
      <Filter>资源文件</Filter>
    </Image>
    <Image Include="res\weather_icons_blue\55.ico">
      <Filter>资源文件</Filter>
    </Image>
    <Image Include="res\weather_icons_blue\56.ico">
      <Filter>资源文件</Filter>
    </Image>
    <Image Include="res\weather_icons_blue\99.ico">
      <Filter>资源文件</Filter>
    </Image>
    <Image Include="res\weather_icons_blue\d00.ico">
      <Filter>资源文件</Filter>
    </Image>
    <Image Include="res\weather_icons_blue\d01.ico">
      <Filter>资源文件</Filter>
    </Image>
    <Image Include="res\weather_icons_blue\d03.ico">
      <Filter>资源文件</Filter>
    </Image>
    <Image Include="res\weather_icons_blue\d13.ico">
      <Filter>资源文件</Filter>
    </Image>
    <Image Include="res\weather_icons_blue\n00.ico">
      <Filter>资源文件</Filter>
    </Image>
    <Image Include="res\weather_icons_blue\n01.ico">
      <Filter>资源文件</Filter>
    </Image>
    <Image Include="res\weather_icons_blue\n03.ico">
      <Filter>资源文件</Filter>
    </Image>
    <Image Include="res\weather_icons_blue\n13.ico">
      <Filter>资源文件</Filter>
    </Image>
    <Image Include="res\QR_AliPay.bmp">
      <Filter>资源文件</Filter>
    </Image>
    <Image Include="res\QR_WeChat.bmp">
      <Filter>资源文件</Filter>
    </Image>
    <Image Include="res\weather_icons_white\02.ico">
      <Filter>资源文件</Filter>
    </Image>
    <Image Include="res\weather_icons_white\04.ico">
      <Filter>资源文件</Filter>
    </Image>
    <Image Include="res\weather_icons_white\05.ico">
      <Filter>资源文件</Filter>
    </Image>
    <Image Include="res\weather_icons_white\06.ico">
      <Filter>资源文件</Filter>
    </Image>
    <Image Include="res\weather_icons_white\07.ico">
      <Filter>资源文件</Filter>
    </Image>
    <Image Include="res\weather_icons_white\08.ico">
      <Filter>资源文件</Filter>
    </Image>
    <Image Include="res\weather_icons_white\09.ico">
      <Filter>资源文件</Filter>
    </Image>
    <Image Include="res\weather_icons_white\10.ico">
      <Filter>资源文件</Filter>
    </Image>
    <Image Include="res\weather_icons_white\11.ico">
      <Filter>资源文件</Filter>
    </Image>
    <Image Include="res\weather_icons_white\12.ico">
      <Filter>资源文件</Filter>
    </Image>
    <Image Include="res\weather_icons_white\14.ico">
      <Filter>资源文件</Filter>
    </Image>
    <Image Include="res\weather_icons_white\15.ico">
      <Filter>资源文件</Filter>
    </Image>
    <Image Include="res\weather_icons_white\16.ico">
      <Filter>资源文件</Filter>
    </Image>
    <Image Include="res\weather_icons_white\17.ico">
      <Filter>资源文件</Filter>
    </Image>
    <Image Include="res\weather_icons_white\18.ico">
      <Filter>资源文件</Filter>
    </Image>
    <Image Include="res\weather_icons_white\19.ico">
      <Filter>资源文件</Filter>
    </Image>
    <Image Include="res\weather_icons_white\20.ico">
      <Filter>资源文件</Filter>
    </Image>
    <Image Include="res\weather_icons_white\29.ico">
      <Filter>资源文件</Filter>
    </Image>
    <Image Include="res\weather_icons_white\30.ico">
      <Filter>资源文件</Filter>
    </Image>
    <Image Include="res\weather_icons_white\31.ico">
      <Filter>资源文件</Filter>
    </Image>
    <Image Include="res\weather_icons_white\53.ico">
      <Filter>资源文件</Filter>
    </Image>
    <Image Include="res\weather_icons_white\54.ico">
      <Filter>资源文件</Filter>
    </Image>
    <Image Include="res\weather_icons_white\55.ico">
      <Filter>资源文件</Filter>
    </Image>
    <Image Include="res\weather_icons_white\56.ico">
      <Filter>资源文件</Filter>
    </Image>
    <Image Include="res\weather_icons_white\99.ico">
      <Filter>资源文件</Filter>
    </Image>
    <Image Include="res\weather_icons_white\d00.ico">
      <Filter>资源文件</Filter>
    </Image>
    <Image Include="res\weather_icons_white\d01.ico">
      <Filter>资源文件</Filter>
    </Image>
    <Image Include="res\weather_icons_white\d03.ico">
      <Filter>资源文件</Filter>
    </Image>
    <Image Include="res\weather_icons_white\d13.ico">
      <Filter>资源文件</Filter>
    </Image>
    <Image Include="res\weather_icons_white\n00.ico">
      <Filter>资源文件</Filter>
    </Image>
    <Image Include="res\weather_icons_white\n01.ico">
      <Filter>资源文件</Filter>
    </Image>
    <Image Include="res\weather_icons_white\n03.ico">
      <Filter>资源文件</Filter>
    </Image>
    <Image Include="res\weather_icons_white\n13.ico">
      <Filter>资源文件</Filter>
    </Image>
    <Image Include="res\weather_icons_hfw_fill\100.ico">
      <Filter>资源文件</Filter>
    </Image>
    <Image Include="res\weather_icons_hfw_fill\101.ico">
      <Filter>资源文件</Filter>
    </Image>
    <Image Include="res\weather_icons_hfw_fill\102.ico">
      <Filter>资源文件</Filter>
    </Image>
    <Image Include="res\weather_icons_hfw_fill\103.ico">
      <Filter>资源文件</Filter>
    </Image>
    <Image Include="res\weather_icons_hfw_fill\104.ico">
      <Filter>资源文件</Filter>
    </Image>
    <Image Include="res\weather_icons_hfw_fill\150.ico">
      <Filter>资源文件</Filter>
    </Image>
    <Image Include="res\weather_icons_hfw_fill\151.ico">
      <Filter>资源文件</Filter>
    </Image>
    <Image Include="res\weather_icons_hfw_fill\152.ico">
      <Filter>资源文件</Filter>
    </Image>
    <Image Include="res\weather_icons_hfw_fill\153.ico">
      <Filter>资源文件</Filter>
    </Image>
    <Image Include="res\weather_icons_hfw_fill\300.ico">
      <Filter>资源文件</Filter>
    </Image>
    <Image Include="res\weather_icons_hfw_fill\301.ico">
      <Filter>资源文件</Filter>
    </Image>
    <Image Include="res\weather_icons_hfw_fill\302.ico">
      <Filter>资源文件</Filter>
    </Image>
    <Image Include="res\weather_icons_hfw_fill\303.ico">
      <Filter>资源文件</Filter>
    </Image>
    <Image Include="res\weather_icons_hfw_fill\304.ico">
      <Filter>资源文件</Filter>
    </Image>
    <Image Include="res\weather_icons_hfw_fill\305.ico">
      <Filter>资源文件</Filter>
    </Image>
    <Image Include="res\weather_icons_hfw_fill\306.ico">
      <Filter>资源文件</Filter>
    </Image>
    <Image Include="res\weather_icons_hfw_fill\307.ico">
      <Filter>资源文件</Filter>
    </Image>
    <Image Include="res\weather_icons_hfw_fill\308.ico">
      <Filter>资源文件</Filter>
    </Image>
    <Image Include="res\weather_icons_hfw_fill\309.ico">
      <Filter>资源文件</Filter>
    </Image>
    <Image Include="res\weather_icons_hfw_fill\310.ico">
      <Filter>资源文件</Filter>
    </Image>
    <Image Include="res\weather_icons_hfw_fill\311.ico">
      <Filter>资源文件</Filter>
    </Image>
    <Image Include="res\weather_icons_hfw_fill\312.ico">
      <Filter>资源文件</Filter>
    </Image>
    <Image Include="res\weather_icons_hfw_fill\313.ico">
      <Filter>资源文件</Filter>
    </Image>
    <Image Include="res\weather_icons_hfw_fill\314.ico">
      <Filter>资源文件</Filter>
    </Image>
    <Image Include="res\weather_icons_hfw_fill\315.ico">
      <Filter>资源文件</Filter>
    </Image>
    <Image Include="res\weather_icons_hfw_fill\316.ico">
      <Filter>资源文件</Filter>
    </Image>
    <Image Include="res\weather_icons_hfw_fill\317.ico">
      <Filter>资源文件</Filter>
    </Image>
    <Image Include="res\weather_icons_hfw_fill\318.ico">
      <Filter>资源文件</Filter>
    </Image>
    <Image Include="res\weather_icons_hfw_fill\350.ico">
      <Filter>资源文件</Filter>
    </Image>
    <Image Include="res\weather_icons_hfw_fill\351.ico">
      <Filter>资源文件</Filter>
    </Image>
    <Image Include="res\weather_icons_hfw_fill\399.ico">
      <Filter>资源文件</Filter>
    </Image>
    <Image Include="res\weather_icons_hfw_fill\400.ico">
      <Filter>资源文件</Filter>
    </Image>
    <Image Include="res\weather_icons_hfw_fill\401.ico">
      <Filter>资源文件</Filter>
    </Image>
    <Image Include="res\weather_icons_hfw_fill\402.ico">
      <Filter>资源文件</Filter>
    </Image>
    <Image Include="res\weather_icons_hfw_fill\403.ico">
      <Filter>资源文件</Filter>
    </Image>
    <Image Include="res\weather_icons_hfw_fill\404.ico">
      <Filter>资源文件</Filter>
    </Image>
    <Image Include="res\weather_icons_hfw_fill\405.ico">
      <Filter>资源文件</Filter>
    </Image>
    <Image Include="res\weather_icons_hfw_fill\406.ico">
      <Filter>资源文件</Filter>
    </Image>
    <Image Include="res\weather_icons_hfw_fill\407.ico">
      <Filter>资源文件</Filter>
    </Image>
    <Image Include="res\weather_icons_hfw_fill\408.ico">
      <Filter>资源文件</Filter>
    </Image>
    <Image Include="res\weather_icons_hfw_fill\409.ico">
      <Filter>资源文件</Filter>
    </Image>
    <Image Include="res\weather_icons_hfw_fill\410.ico">
      <Filter>资源文件</Filter>
    </Image>
    <Image Include="res\weather_icons_hfw_fill\456.ico">
      <Filter>资源文件</Filter>
    </Image>
    <Image Include="res\weather_icons_hfw_fill\457.ico">
      <Filter>资源文件</Filter>
    </Image>
    <Image Include="res\weather_icons_hfw_fill\499.ico">
      <Filter>资源文件</Filter>
    </Image>
    <Image Include="res\weather_icons_hfw_fill\500.ico">
      <Filter>资源文件</Filter>
    </Image>
    <Image Include="res\weather_icons_hfw_fill\501.ico">
      <Filter>资源文件</Filter>
    </Image>
    <Image Include="res\weather_icons_hfw_fill\502.ico">
      <Filter>资源文件</Filter>
    </Image>
    <Image Include="res\weather_icons_hfw_fill\503.ico">
      <Filter>资源文件</Filter>
    </Image>
    <Image Include="res\weather_icons_hfw_fill\504.ico">
      <Filter>资源文件</Filter>
    </Image>
    <Image Include="res\weather_icons_hfw_fill\507.ico">
      <Filter>资源文件</Filter>
    </Image>
    <Image Include="res\weather_icons_hfw_fill\508.ico">
      <Filter>资源文件</Filter>
    </Image>
    <Image Include="res\weather_icons_hfw_fill\509.ico">
      <Filter>资源文件</Filter>
    </Image>
    <Image Include="res\weather_icons_hfw_fill\510.ico">
      <Filter>资源文件</Filter>
    </Image>
    <Image Include="res\weather_icons_hfw_fill\511.ico">
      <Filter>资源文件</Filter>
    </Image>
    <Image Include="res\weather_icons_hfw_fill\512.ico">
      <Filter>资源文件</Filter>
    </Image>
    <Image Include="res\weather_icons_hfw_fill\513.ico">
      <Filter>资源文件</Filter>
    </Image>
    <Image Include="res\weather_icons_hfw_fill\514.ico">
      <Filter>资源文件</Filter>
    </Image>
    <Image Include="res\weather_icons_hfw_fill\515.ico">
      <Filter>资源文件</Filter>
    </Image>
    <Image Include="res\weather_icons_hfw_fill\999.ico">
      <Filter>资源文件</Filter>
    </Image>
    <Image Include="res\weather_icons_hfw_hollow\100.ico">
      <Filter>资源文件</Filter>
    </Image>
    <Image Include="res\weather_icons_hfw_hollow\101.ico">
      <Filter>资源文件</Filter>
    </Image>
    <Image Include="res\weather_icons_hfw_hollow\102.ico">
      <Filter>资源文件</Filter>
    </Image>
    <Image Include="res\weather_icons_hfw_hollow\103.ico">
      <Filter>资源文件</Filter>
    </Image>
    <Image Include="res\weather_icons_hfw_hollow\104.ico">
      <Filter>资源文件</Filter>
    </Image>
    <Image Include="res\weather_icons_hfw_hollow\150.ico">
      <Filter>资源文件</Filter>
    </Image>
    <Image Include="res\weather_icons_hfw_hollow\151.ico">
      <Filter>资源文件</Filter>
    </Image>
    <Image Include="res\weather_icons_hfw_hollow\152.ico">
      <Filter>资源文件</Filter>
    </Image>
    <Image Include="res\weather_icons_hfw_hollow\153.ico">
      <Filter>资源文件</Filter>
    </Image>
    <Image Include="res\weather_icons_hfw_hollow\300.ico">
      <Filter>资源文件</Filter>
    </Image>
    <Image Include="res\weather_icons_hfw_hollow\301.ico">
      <Filter>资源文件</Filter>
    </Image>
    <Image Include="res\weather_icons_hfw_hollow\302.ico">
      <Filter>资源文件</Filter>
    </Image>
    <Image Include="res\weather_icons_hfw_hollow\303.ico">
      <Filter>资源文件</Filter>
    </Image>
    <Image Include="res\weather_icons_hfw_hollow\304.ico">
      <Filter>资源文件</Filter>
    </Image>
    <Image Include="res\weather_icons_hfw_hollow\305.ico">
      <Filter>资源文件</Filter>
    </Image>
    <Image Include="res\weather_icons_hfw_hollow\306.ico">
      <Filter>资源文件</Filter>
    </Image>
    <Image Include="res\weather_icons_hfw_hollow\307.ico">
      <Filter>资源文件</Filter>
    </Image>
    <Image Include="res\weather_icons_hfw_hollow\308.ico">
      <Filter>资源文件</Filter>
    </Image>
    <Image Include="res\weather_icons_hfw_hollow\309.ico">
      <Filter>资源文件</Filter>
    </Image>
    <Image Include="res\weather_icons_hfw_hollow\310.ico">
      <Filter>资源文件</Filter>
    </Image>
    <Image Include="res\weather_icons_hfw_hollow\311.ico">
      <Filter>资源文件</Filter>
    </Image>
    <Image Include="res\weather_icons_hfw_hollow\312.ico">
      <Filter>资源文件</Filter>
    </Image>
    <Image Include="res\weather_icons_hfw_hollow\313.ico">
      <Filter>资源文件</Filter>
    </Image>
    <Image Include="res\weather_icons_hfw_hollow\314.ico">
      <Filter>资源文件</Filter>
    </Image>
    <Image Include="res\weather_icons_hfw_hollow\315.ico">
      <Filter>资源文件</Filter>
    </Image>
    <Image Include="res\weather_icons_hfw_hollow\316.ico">
      <Filter>资源文件</Filter>
    </Image>
    <Image Include="res\weather_icons_hfw_hollow\317.ico">
      <Filter>资源文件</Filter>
    </Image>
    <Image Include="res\weather_icons_hfw_hollow\318.ico">
      <Filter>资源文件</Filter>
    </Image>
    <Image Include="res\weather_icons_hfw_hollow\350.ico">
      <Filter>资源文件</Filter>
    </Image>
    <Image Include="res\weather_icons_hfw_hollow\351.ico">
      <Filter>资源文件</Filter>
    </Image>
    <Image Include="res\weather_icons_hfw_hollow\399.ico">
      <Filter>资源文件</Filter>
    </Image>
    <Image Include="res\weather_icons_hfw_hollow\400.ico">
      <Filter>资源文件</Filter>
    </Image>
    <Image Include="res\weather_icons_hfw_hollow\401.ico">
      <Filter>资源文件</Filter>
    </Image>
    <Image Include="res\weather_icons_hfw_hollow\402.ico">
      <Filter>资源文件</Filter>
    </Image>
    <Image Include="res\weather_icons_hfw_hollow\403.ico">
      <Filter>资源文件</Filter>
    </Image>
    <Image Include="res\weather_icons_hfw_hollow\404.ico">
      <Filter>资源文件</Filter>
    </Image>
    <Image Include="res\weather_icons_hfw_hollow\405.ico">
      <Filter>资源文件</Filter>
    </Image>
    <Image Include="res\weather_icons_hfw_hollow\406.ico">
      <Filter>资源文件</Filter>
    </Image>
    <Image Include="res\weather_icons_hfw_hollow\407.ico">
      <Filter>资源文件</Filter>
    </Image>
    <Image Include="res\weather_icons_hfw_hollow\408.ico">
      <Filter>资源文件</Filter>
    </Image>
    <Image Include="res\weather_icons_hfw_hollow\409.ico">
      <Filter>资源文件</Filter>
    </Image>
    <Image Include="res\weather_icons_hfw_hollow\410.ico">
      <Filter>资源文件</Filter>
    </Image>
    <Image Include="res\weather_icons_hfw_hollow\456.ico">
      <Filter>资源文件</Filter>
    </Image>
    <Image Include="res\weather_icons_hfw_hollow\457.ico">
      <Filter>资源文件</Filter>
    </Image>
    <Image Include="res\weather_icons_hfw_hollow\499.ico">
      <Filter>资源文件</Filter>
    </Image>
    <Image Include="res\weather_icons_hfw_hollow\500.ico">
      <Filter>资源文件</Filter>
    </Image>
    <Image Include="res\weather_icons_hfw_hollow\501.ico">
      <Filter>资源文件</Filter>
    </Image>
    <Image Include="res\weather_icons_hfw_hollow\502.ico">
      <Filter>资源文件</Filter>
    </Image>
    <Image Include="res\weather_icons_hfw_hollow\503.ico">
      <Filter>资源文件</Filter>
    </Image>
    <Image Include="res\weather_icons_hfw_hollow\504.ico">
      <Filter>资源文件</Filter>
    </Image>
    <Image Include="res\weather_icons_hfw_hollow\507.ico">
      <Filter>资源文件</Filter>
    </Image>
    <Image Include="res\weather_icons_hfw_hollow\508.ico">
      <Filter>资源文件</Filter>
    </Image>
    <Image Include="res\weather_icons_hfw_hollow\509.ico">
      <Filter>资源文件</Filter>
    </Image>
    <Image Include="res\weather_icons_hfw_hollow\510.ico">
      <Filter>资源文件</Filter>
    </Image>
    <Image Include="res\weather_icons_hfw_hollow\511.ico">
      <Filter>资源文件</Filter>
    </Image>
    <Image Include="res\weather_icons_hfw_hollow\512.ico">
      <Filter>资源文件</Filter>
    </Image>
    <Image Include="res\weather_icons_hfw_hollow\513.ico">
      <Filter>资源文件</Filter>
    </Image>
    <Image Include="res\weather_icons_hfw_hollow\514.ico">
      <Filter>资源文件</Filter>
    </Image>
    <Image Include="res\weather_icons_hfw_hollow\515.ico">
      <Filter>资源文件</Filter>
    </Image>
    <Image Include="res\weather_icons_hfw_hollow\999.ico">
      <Filter>资源文件</Filter>
    </Image>
  </ItemGroup>
</Project>